{
  "name": "@enkore/core",
  "version": "0.12.0",
  "lockfileVersion": 3,
  "requires": true,
  "packages": {
    "": {
      "name": "@enkore/core",
      "version": "0.12.0",
      "license": "MIT",
      "devDependencies": {
        "@anio-software/enkore": "^0.0.180",
        "@anio-software/enkore-private.debug": "^0.0.7",
        "@anio-software/enkore-private.spec": "^0.376.0",
        "@anio-software/enkore.core": "^0.11.2",
        "@anio-software/enkore.target-js-node": "^0.0.330-canary-4afd3634-793f976e",
        "@anio-software/pkg.node-fs": "^0.0.2",
        "@anio-software/pkg.random-identifier": "^0.0.3"
      }
    },
    "node_modules/@anio-software/enkore": {
      "version": "0.0.180",
      "resolved": "https://npm-registry.anio.software/@anio-software/enkore/-/enkore-0.0.180.tgz",
      "integrity": "sha512-oZIUP2zSqJ0vmLBcwCLBPH0s3ZxJfRW/iTCNBB1owewlYZal2l8fWXVV5BFhPPd9E7O45r/hvq+vHIDRPh6+PA==",
      "dev": true,
      "license": "MIT",
      "bin": {
        "enkore": "bin/enkore.mjs"
      },
      "engines": {
        "node": ">=23.6.x"
      }
    },
    "node_modules/@anio-software/enkore-private.debug": {
      "version": "0.0.7",
      "resolved": "https://npm-registry.anio.software/@anio-software/enkore-private.debug/-/enkore-private.debug-0.0.7.tgz",
      "integrity": "sha512-wR4a6gQYA75EIaCqCI1pEZQDeCkPmt4fr+PRNeMz8QHaP2l0iH+z4rXEE6BTKIxbAWHPZxmNi7nkOUzj6Jk90A==",
      "dev": true,
      "license": "MIT"
    },
    "node_modules/@anio-software/enkore-private.spec": {
      "version": "0.376.0",
      "resolved": "https://npm-registry.anio.software/@anio-software/enkore-private.spec/-/enkore-private.spec-0.376.0.tgz",
      "integrity": "sha512-o618G9Udje9KZx8RLnrhrEYGJymo8brMTVypG5xmLfitLT9vX69NjemwLCPIMCm/DDMMLWCeR8h2xXuboxb79w==",
      "dev": true,
      "license": "MIT",
      "engines": {
        "node": ">=23.6.x"
      }
    },
    "node_modules/@anio-software/enkore.core": {
      "version": "0.11.2",
      "resolved": "https://npm-registry.anio.software/@anio-software/enkore.core/-/enkore.core-0.11.2.tgz",
      "integrity": "sha512-7Y9zKQWUHS6u8ntmQx+E740rjXNUJ/uIPFLe+ycBnQb7oRWwJv/TM22tLntSdzEat9qqONJ58p1J85dgC80z0A==",
      "dev": true,
      "license": "MIT"
    },
    "node_modules/@anio-software/enkore.js-runtime": {
      "version": "0.0.12",
      "resolved": "https://npm-registry.anio.software/@anio-software/enkore.js-runtime/-/enkore.js-runtime-0.0.12.tgz",
      "integrity": "sha512-xUROkJp0fq5y9SoRk6/r8FfD7owiJDKLjzkmi3ur1AUoCfjWzcM2i2cdvkrPTkjN0Zb49OuXrm9e+cDwjgEn5w==",
      "dev": true,
      "license": "MIT",
      "peer": true,
      "engines": {
        "node": ">=23.6.x"
      }
    },
    "node_modules/@anio-software/enkore.target-js-node": {
      "version": "0.0.330-canary-4afd3634-793f976e",
      "resolved": "https://npm-registry.anio.software/@anio-software/enkore.target-js-node/-/enkore.target-js-node-0.0.330-canary-4afd3634-793f976e.tgz",
      "integrity": "sha512-4KBAqoImgOxypT9RzUayW2TaBjlDcG8EUCJWHuFa7Zw60pjm0shHDWwVCubWpT663mOJAe4EZ4ZX3Zs/O9GylA==",
      "dev": true,
      "license": "MIT",
      "peerDependencies": {
        "@anio-software/enkore.js-runtime": ">=0.0.12",
        "@types/node": ">=22.7.x"
      }
    },
    "node_modules/@anio-software/pkg.node-fs": {
      "version": "0.0.2",
      "resolved": "https://npm-registry.anio.software/@anio-software/pkg.node-fs/-/pkg.node-fs-0.0.2.tgz",
      "integrity": "sha512-MP3uEq7xjp1lAjjpGh8SXG9JjsvWxwjEYWvMroVMsWWdhQ8DKdBYvCXUBxHHpg8uFKhzzESS16g2N3+GMBJGMw==",
      "dev": true,
      "license": "MIT",
      "engines": {
        "node": ">=23.6.x"
      }
    },
    "node_modules/@anio-software/pkg.random-identifier": {
      "version": "0.0.3",
      "resolved": "https://npm-registry.anio.software/@anio-software/pkg.random-identifier/-/pkg.random-identifier-0.0.3.tgz",
      "integrity": "sha512-jf5CZN7xnxM6i3Sy/LctCpazWTBQfr5RnxQKI3tT9rIm9garVL7J0Xc1j/T4yC6OKK+TnMCHouHmWkjAzdusGA==",
      "dev": true,
      "license": "MIT",
      "engines": {
        "node": ">=23.6.x"
      }
    },
    "node_modules/@types/node": {
      "version": "22.10.7",
      "resolved": "https://registry.npmjs.org/@types/node/-/node-22.10.7.tgz",
      "integrity": "sha512-V09KvXxFiutGp6B7XkpaDXlNadZxrzajcY50EuoLIpQ6WWYCSvf19lVIazzfIzQvhUN2HjX12spLojTnhuKlGg==",
      "dev": true,
      "license": "MIT",
      "peer": true,
      "dependencies": {
        "undici-types": "~6.20.0"
      }
    },
    "node_modules/undici-types": {
      "version": "6.20.0",
      "resolved": "https://registry.npmjs.org/undici-types/-/undici-types-6.20.0.tgz",
      "integrity": "sha512-Ny6QZ2Nju20vw1SRHe3d9jVu6gJ+4e3+MMpqu7pqE5HT6WsTSlce++GQmK5UXS8mzV8DSYHrQH+Xrf2jVcuKNg==",
      "dev": true,
      "license": "MIT",
      "peer": true
    }
  }
}
