{
  "name": "@enkore/core",
  "version": "0.11.2",
  "lockfileVersion": 3,
  "requires": true,
  "packages": {
    "": {
      "name": "@enkore/core",
      "version": "0.11.2",
      "license": "MIT",
      "devDependencies": {
        "@anio-software/enkore-private.debug": "^0.0.7",
        "@anio-software/enkore-private.spec": "^0.304.1",
        "@aniojs/node-fs": "^0.5.3",
        "@aniojs/node-fs-file": "^0.2.0",
        "@aniojs/random-ident": "^0.1.2"
      }
    },
    "node_modules/@anio-software/enkore-private.debug": {
      "version": "0.0.7",
      "resolved": "https://npm-registry.anio.software/@anio-software/enkore-private.debug/-/enkore-private.debug-0.0.7.tgz",
      "integrity": "sha512-wR4a6gQYA75EIaCqCI1pEZQDeCkPmt4fr+PRNeMz8QHaP2l0iH+z4rXEE6BTKIxbAWHPZxmNi7nkOUzj6Jk90A==",
      "dev": true,
      "license": "MIT"
    },
    "node_modules/@anio-software/enkore-private.spec": {
      "version": "0.304.1",
      "resolved": "https://npm-registry.anio.software/@anio-software/enkore-private.spec/-/enkore-private.spec-0.304.1.tgz",
      "integrity": "sha512-pO7/B5Gh7fKo605NbX/Y7TGMxGpwPSKDvQnPGmSywYEoLafCA/M/EkV1KoBPRRzVsZ7rY6cCDybwWMSjzmxxRQ==",
      "dev": true,
      "license": "MIT",
      "engines": {
        "node": ">=23.6.x"
      }
    },
    "node_modules/@aniojs/node-fs": {
      "version": "0.5.3",
      "resolved": "https://registry.npmjs.org/@aniojs/node-fs/-/node-fs-0.5.3.tgz",
      "integrity": "sha512-RRe6qvi1Yc3UY0ivnRFpnpH4DMLHoS0PmltfGatr6vkIeWnTbB6HKZzBuUkeL2kZxZe7vATqKH/alrcx0IZIYw==",
      "dev": true,
      "license": "MIT",
      "engines": {
        "node": ">=22.7.x"
      },
      "peerDependencies": {
        "@types/node": ">=22.7.x"
      }
    },
    "node_modules/@aniojs/node-fs-file": {
      "version": "0.2.0",
      "resolved": "https://registry.npmjs.org/@aniojs/node-fs-file/-/node-fs-file-0.2.0.tgz",
      "integrity": "sha512-VOa0Yg1vgvWHvgboxCObE0KJRQpvhWeLeSd3QtAeBy8gpTyt32Nm1AR65A9lX5YExr6Y5AHKZJULZyiE3Bx8+A==",
      "dev": true,
      "license": "MIT",
      "engines": {
        "node": ">=22.7.x"
      },
      "peerDependencies": {
        "@types/node": ">=22.7.x"
      }
    },
    "node_modules/@aniojs/random-ident": {
      "version": "0.1.2",
      "resolved": "https://registry.npmjs.org/@aniojs/random-ident/-/random-ident-0.1.2.tgz",
      "integrity": "sha512-7+45/HSpDOgfmLnpG/oAp6x84lHObyk1VKtsWlUN96aXnf8AA0XZFv/i5R1b/2QkLPu3cHCxj0TB/p6pzQE68g==",
      "dev": true,
      "license": "MIT",
      "engines": {
        "node": ">=22.7.x"
      },
      "peerDependencies": {
        "@types/node": ">=22.7.x"
      }
    },
    "node_modules/@types/node": {
      "version": "22.10.7",
      "resolved": "https://registry.npmjs.org/@types/node/-/node-22.10.7.tgz",
      "integrity": "sha512-V09KvXxFiutGp6B7XkpaDXlNadZxrzajcY50EuoLIpQ6WWYCSvf19lVIazzfIzQvhUN2HjX12spLojTnhuKlGg==",
      "dev": true,
      "license": "MIT",
      "peer": true,
      "dependencies": {
        "undici-types": "~6.20.0"
      }
    },
    "node_modules/undici-types": {
      "version": "6.20.0",
      "resolved": "https://registry.npmjs.org/undici-types/-/undici-types-6.20.0.tgz",
      "integrity": "sha512-Ny6QZ2Nju20vw1SRHe3d9jVu6gJ+4e3+MMpqu7pqE5HT6WsTSlce++GQmK5UXS8mzV8DSYHrQH+Xrf2jVcuKNg==",
      "dev": true,
      "license": "MIT",
      "peer": true
    }
  }
}
